
Microsoft Visual Studio Solution File, Format Version 10.00
# Visual Studio 2008
Project("{8BC9CEB8-8B4A-11D0-8D11-00A0C91BC942}") = "LanTxtEditor", "LanTxtEditor\LanTxtEditor.vcproj", "{95EA5887-8C2A-435E-868A-6C7055FC5E4C}"
	ProjectSection(ProjectDependencies) = postProject
		{E97F1B6B-AA47-4842-898A-D8B69C7DAC44} = {E97F1B6B-AA47-4842-898A-D8B69C7DAC44}
		{C6E70890-8FFA-44BC-9FB0-FA6B0B4DF355} = {C6E70890-8FFA-44BC-9FB0-FA6B0B4DF355}
	EndProjectSection
EndProject
Project("{8BC9CEB8-8B4A-11D0-8D11-00A0C91BC942}") = "LanServer", "LanServer\LanServer.vcproj", "{718FBE7F-045F-4F32-93DE-D02ED1AAD6F3}"
	ProjectSection(ProjectDependencies) = postProject
		{68B1EA49-3919-4529-808D-10954A26FBF2} = {68B1EA49-3919-4529-808D-10954A26FBF2}
		{E97F1B6B-AA47-4842-898A-D8B69C7DAC44} = {E97F1B6B-AA47-4842-898A-D8B69C7DAC44}
		{C6E70890-8FFA-44BC-9FB0-FA6B0B4DF355} = {C6E70890-8FFA-44BC-9FB0-FA6B0B4DF355}
	EndProjectSection
EndProject
Project("{8BC9CEB8-8B4A-11D0-8D11-00A0C91BC942}") = "common", "common\common.vcproj", "{E97F1B6B-AA47-4842-898A-D8B69C7DAC44}"
	ProjectSection(ProjectDependencies) = postProject
		{68B1EA49-3919-4529-808D-10954A26FBF2} = {68B1EA49-3919-4529-808D-10954A26FBF2}
		{C6E70890-8FFA-44BC-9FB0-FA6B0B4DF355} = {C6E70890-8FFA-44BC-9FB0-FA6B0B4DF355}
	EndProjectSection
EndProject
Project("{8BC9CEB8-8B4A-11D0-8D11-00A0C91BC942}") = "SelfLib", "..\bird-self-lib\self_lib\project\SelfLib.vs2008.vcproj", "{C6E70890-8FFA-44BC-9FB0-FA6B0B4DF355}"
EndProject
Project("{8BC9CEB8-8B4A-11D0-8D11-00A0C91BC942}") = "LzmaLib", "..\bird-self-lib\testlzma\libLzma\prj\LzmaLib.vcproj", "{68B1EA49-3919-4529-808D-10954A26FBF2}"
EndProject
Project("{8BC9CEB8-8B4A-11D0-8D11-00A0C91BC942}") = "CmdService", "CmdService\CmdService.vcproj", "{0CDF41EB-A5F2-438F-B0E5-29E8F0636D9C}"
	ProjectSection(ProjectDependencies) = postProject
		{E97F1B6B-AA47-4842-898A-D8B69C7DAC44} = {E97F1B6B-AA47-4842-898A-D8B69C7DAC44}
		{C6E70890-8FFA-44BC-9FB0-FA6B0B4DF355} = {C6E70890-8FFA-44BC-9FB0-FA6B0B4DF355}
	EndProjectSection
EndProject
Global
	GlobalSection(SolutionConfigurationPlatforms) = preSolution
		Debug|Win32 = Debug|Win32
		Debug|x64 = Debug|x64
		Release|Win32 = Release|Win32
		Release|x64 = Release|x64
	EndGlobalSection
	GlobalSection(ProjectConfigurationPlatforms) = postSolution
		{95EA5887-8C2A-435E-868A-6C7055FC5E4C}.Debug|Win32.ActiveCfg = Debug|Win32
		{95EA5887-8C2A-435E-868A-6C7055FC5E4C}.Debug|Win32.Build.0 = Debug|Win32
		{95EA5887-8C2A-435E-868A-6C7055FC5E4C}.Debug|x64.ActiveCfg = Debug|x64
		{95EA5887-8C2A-435E-868A-6C7055FC5E4C}.Debug|x64.Build.0 = Debug|x64
		{95EA5887-8C2A-435E-868A-6C7055FC5E4C}.Release|Win32.ActiveCfg = Release|Win32
		{95EA5887-8C2A-435E-868A-6C7055FC5E4C}.Release|Win32.Build.0 = Release|Win32
		{95EA5887-8C2A-435E-868A-6C7055FC5E4C}.Release|x64.ActiveCfg = Release|x64
		{95EA5887-8C2A-435E-868A-6C7055FC5E4C}.Release|x64.Build.0 = Release|x64
		{718FBE7F-045F-4F32-93DE-D02ED1AAD6F3}.Debug|Win32.ActiveCfg = Debug|Win32
		{718FBE7F-045F-4F32-93DE-D02ED1AAD6F3}.Debug|Win32.Build.0 = Debug|Win32
		{718FBE7F-045F-4F32-93DE-D02ED1AAD6F3}.Debug|x64.ActiveCfg = Debug|x64
		{718FBE7F-045F-4F32-93DE-D02ED1AAD6F3}.Debug|x64.Build.0 = Debug|x64
		{718FBE7F-045F-4F32-93DE-D02ED1AAD6F3}.Release|Win32.ActiveCfg = Release|Win32
		{718FBE7F-045F-4F32-93DE-D02ED1AAD6F3}.Release|Win32.Build.0 = Release|Win32
		{718FBE7F-045F-4F32-93DE-D02ED1AAD6F3}.Release|x64.ActiveCfg = Release|x64
		{718FBE7F-045F-4F32-93DE-D02ED1AAD6F3}.Release|x64.Build.0 = Release|x64
		{E97F1B6B-AA47-4842-898A-D8B69C7DAC44}.Debug|Win32.ActiveCfg = Debug|Win32
		{E97F1B6B-AA47-4842-898A-D8B69C7DAC44}.Debug|Win32.Build.0 = Debug|Win32
		{E97F1B6B-AA47-4842-898A-D8B69C7DAC44}.Debug|x64.ActiveCfg = Debug|x64
		{E97F1B6B-AA47-4842-898A-D8B69C7DAC44}.Debug|x64.Build.0 = Debug|x64
		{E97F1B6B-AA47-4842-898A-D8B69C7DAC44}.Release|Win32.ActiveCfg = Release|Win32
		{E97F1B6B-AA47-4842-898A-D8B69C7DAC44}.Release|Win32.Build.0 = Release|Win32
		{E97F1B6B-AA47-4842-898A-D8B69C7DAC44}.Release|x64.ActiveCfg = Release|x64
		{E97F1B6B-AA47-4842-898A-D8B69C7DAC44}.Release|x64.Build.0 = Release|x64
		{C6E70890-8FFA-44BC-9FB0-FA6B0B4DF355}.Debug|Win32.ActiveCfg = Debug|Win32
		{C6E70890-8FFA-44BC-9FB0-FA6B0B4DF355}.Debug|Win32.Build.0 = Debug|Win32
		{C6E70890-8FFA-44BC-9FB0-FA6B0B4DF355}.Debug|x64.ActiveCfg = Debug|x64
		{C6E70890-8FFA-44BC-9FB0-FA6B0B4DF355}.Debug|x64.Build.0 = Debug|x64
		{C6E70890-8FFA-44BC-9FB0-FA6B0B4DF355}.Release|Win32.ActiveCfg = Release|Win32
		{C6E70890-8FFA-44BC-9FB0-FA6B0B4DF355}.Release|Win32.Build.0 = Release|Win32
		{C6E70890-8FFA-44BC-9FB0-FA6B0B4DF355}.Release|x64.ActiveCfg = Release|x64
		{C6E70890-8FFA-44BC-9FB0-FA6B0B4DF355}.Release|x64.Build.0 = Release|x64
		{68B1EA49-3919-4529-808D-10954A26FBF2}.Debug|Win32.ActiveCfg = Debug|Win32
		{68B1EA49-3919-4529-808D-10954A26FBF2}.Debug|Win32.Build.0 = Debug|Win32
		{68B1EA49-3919-4529-808D-10954A26FBF2}.Debug|x64.ActiveCfg = Debug|x64
		{68B1EA49-3919-4529-808D-10954A26FBF2}.Debug|x64.Build.0 = Debug|x64
		{68B1EA49-3919-4529-808D-10954A26FBF2}.Release|Win32.ActiveCfg = Release|Win32
		{68B1EA49-3919-4529-808D-10954A26FBF2}.Release|Win32.Build.0 = Release|Win32
		{68B1EA49-3919-4529-808D-10954A26FBF2}.Release|x64.ActiveCfg = Release|x64
		{68B1EA49-3919-4529-808D-10954A26FBF2}.Release|x64.Build.0 = Release|x64
		{0CDF41EB-A5F2-438F-B0E5-29E8F0636D9C}.Debug|Win32.ActiveCfg = Debug|Win32
		{0CDF41EB-A5F2-438F-B0E5-29E8F0636D9C}.Debug|Win32.Build.0 = Debug|Win32
		{0CDF41EB-A5F2-438F-B0E5-29E8F0636D9C}.Debug|x64.ActiveCfg = Debug|x64
		{0CDF41EB-A5F2-438F-B0E5-29E8F0636D9C}.Debug|x64.Build.0 = Debug|x64
		{0CDF41EB-A5F2-438F-B0E5-29E8F0636D9C}.Release|Win32.ActiveCfg = Release|Win32
		{0CDF41EB-A5F2-438F-B0E5-29E8F0636D9C}.Release|Win32.Build.0 = Release|Win32
		{0CDF41EB-A5F2-438F-B0E5-29E8F0636D9C}.Release|x64.ActiveCfg = Release|x64
		{0CDF41EB-A5F2-438F-B0E5-29E8F0636D9C}.Release|x64.Build.0 = Release|x64
	EndGlobalSection
	GlobalSection(SolutionProperties) = preSolution
		HideSolutionNode = FALSE
	EndGlobalSection
EndGlobal
