<?xml version="1.0" encoding="utf-8"?>
<Project ToolsVersion="4.0" xmlns="http://schemas.microsoft.com/developer/msbuild/2003">
  <ItemGroup>
    <Filter Include="Source Files">
      <UniqueIdentifier>{4FC737F1-C7A5-4376-A066-2A32D752A2FF}</UniqueIdentifier>
      <Extensions>cpp;c;cc;cxx;def;odl;idl;hpj;bat;asm;asmx</Extensions>
    </Filter>
    <Filter Include="Header Files">
      <UniqueIdentifier>{93995380-89BD-4b04-88EB-625FBE52EBFB}</UniqueIdentifier>
      <Extensions>h;hpp;hxx;hm;inl;inc;xsd</Extensions>
    </Filter>
    <Filter Include="Resource Files">
      <UniqueIdentifier>{67DA6AB6-F800-4c08-8B7A-83BB121AAD01}</UniqueIdentifier>
      <Extensions>rc;ico;cur;bmp;dlg;rc2;rct;bin;rgs;gif;jpg;jpeg;jpe;resx;tiff;tif;png;wav</Extensions>
    </Filter>
    <Filter Include="util">
      <UniqueIdentifier>{d3b11841-8ef4-4709-bec9-b90976984f07}</UniqueIdentifier>
    </Filter>
    <Filter Include="hash">
      <UniqueIdentifier>{4f4f0beb-a022-4961-af76-19224f11cc61}</UniqueIdentifier>
    </Filter>
    <Filter Include="ini">
      <UniqueIdentifier>{2522ebe8-9c69-4b2d-b6cc-22c86c2544c2}</UniqueIdentifier>
    </Filter>
  </ItemGroup>
  <ItemGroup>
    <ClInclude Include="Resource.h">
      <Filter>Source Files</Filter>
    </ClInclude>
    <ClInclude Include="..\src\selflib_dll.h">
      <Filter>Source Files</Filter>
    </ClInclude>
    <ClInclude Include="..\src\stdafx.h">
      <Filter>Source Files</Filter>
    </ClInclude>
    <ClInclude Include="..\src\targetver.h">
      <Filter>Source Files</Filter>
    </ClInclude>
    <ClInclude Include="..\src\util\Crc32.h">
      <Filter>util</Filter>
    </ClInclude>
    <ClInclude Include="..\src\util\DebugFile.h">
      <Filter>util</Filter>
    </ClInclude>
    <ClInclude Include="..\src\util\Utils.h">
      <Filter>util</Filter>
    </ClInclude>
    <ClInclude Include="..\src\util\UtilsFile.h">
      <Filter>util</Filter>
    </ClInclude>
    <ClInclude Include="..\src\util\UtilString.h">
      <Filter>util</Filter>
    </ClInclude>
    <ClInclude Include="..\src\hash\hash.h">
      <Filter>hash</Filter>
    </ClInclude>
    <ClInclude Include="..\src\CIni\Ini.h">
      <Filter>ini</Filter>
    </ClInclude>
  </ItemGroup>
  <ItemGroup>
    <ClCompile Include="..\src\stdafx.cpp">
      <Filter>Source Files</Filter>
    </ClCompile>
    <ClCompile Include="..\src\util\Crc32.cpp">
      <Filter>util</Filter>
    </ClCompile>
    <ClCompile Include="..\src\util\DebugFile.cpp">
      <Filter>util</Filter>
    </ClCompile>
    <ClCompile Include="..\src\util\Utils.cpp">
      <Filter>util</Filter>
    </ClCompile>
    <ClCompile Include="..\src\util\UtilsFile.cpp">
      <Filter>util</Filter>
    </ClCompile>
    <ClCompile Include="..\src\util\UtilString.cpp">
      <Filter>util</Filter>
    </ClCompile>
    <ClCompile Include="..\src\CIni\Ini.cpp">
      <Filter>ini</Filter>
    </ClCompile>
  </ItemGroup>
  <ItemGroup>
    <None Include="SelfLib.def">
      <Filter>Resource Files</Filter>
    </None>
  </ItemGroup>
  <ItemGroup>
    <ResourceCompile Include="SelfLib.rc">
      <Filter>Resource Files</Filter>
    </ResourceCompile>
  </ItemGroup>
</Project>